
Microsoft Visual Studio Solution File, Format Version 12.00
# Visual Studio Version 17
VisualStudioVersion = 17.13.35828.75 d17.13
MinimumVisualStudioVersion = 10.0.40219.1
Project("{FAE04EC0-301F-11D3-BF4B-00C04F79EFBC}") = "TestDemo", "TestDemo\TestDemo.csproj", "{B88FFF44-C8F9-494B-B825-33E7AF4EAE8E}"
EndProject
Global
	GlobalSection(SolutionConfigurationPlatforms) = preSolution
		Debug|Any CPU = Debug|Any CPU
		Release|Any CPU = Release|Any CPU
	EndGlobalSection
	GlobalSection(ProjectConfigurationPlatforms) = postSolution
		{B88FFF44-C8F9-494B-B825-33E7AF4EAE8E}.Debug|Any CPU.ActiveCfg = Debug|Any CPU
		{B88FFF44-C8F9-494B-B825-33E7AF4EAE8E}.Debug|Any CPU.Build.0 = Debug|Any CPU
		{B88FFF44-C8F9-494B-B825-33E7AF4EAE8E}.Release|Any CPU.ActiveCfg = Release|Any CPU
		{B88FFF44-C8F9-494B-B825-33E7AF4EAE8E}.Release|Any CPU.Build.0 = Release|Any CPU
	EndGlobalSection
	GlobalSection(SolutionProperties) = preSolution
		HideSolutionNode = FALSE
	EndGlobalSection
	GlobalSection(ExtensibilityGlobals) = postSolution
		SolutionGuid = {2FCC396C-2063-4CAC-AF52-ADD895B395B6}
	EndGlobalSection
EndGlobal
